
Microsoft Visual Studio Solution File, Format Version 12.00
# Visual Studio Version 17
VisualStudioVersion = 17.3.32819.101
MinimumVisualStudioVersion = 10.0.40219.1
Project("{FAE04EC0-301F-11D3-BF4B-00C04F79EFBC}") = "Responsi", "Responsi\Responsi.csproj", "{F48A877E-67CE-42B9-A2F6-D5514FEA593A}"
EndProject
Global
	GlobalSection(SolutionConfigurationPlatforms) = preSolution
		Debug|Any CPU = Debug|Any CPU
		Release|Any CPU = Release|Any CPU
	EndGlobalSection
	GlobalSection(ProjectConfigurationPlatforms) = postSolution
		{F48A877E-67CE-42B9-A2F6-D5514FEA593A}.Debug|Any CPU.ActiveCfg = Debug|Any CPU
		{F48A877E-67CE-42B9-A2F6-D5514FEA593A}.Debug|Any CPU.Build.0 = Debug|Any CPU
		{F48A877E-67CE-42B9-A2F6-D5514FEA593A}.Release|Any CPU.ActiveCfg = Release|Any CPU
		{F48A877E-67CE-42B9-A2F6-D5514FEA593A}.Release|Any CPU.Build.0 = Release|Any CPU
	EndGlobalSection
	GlobalSection(SolutionProperties) = preSolution
		HideSolutionNode = FALSE
	EndGlobalSection
	GlobalSection(ExtensibilityGlobals) = postSolution
		SolutionGuid = {18725833-B220-4BE7-8222-C18C6AF9A9DE}
	EndGlobalSection
EndGlobal
